
Microsoft Visual Studio Solution File, Format Version 12.00
# Visual Studio Version 16
VisualStudioVersion = 16.0.29324.140
MinimumVisualStudioVersion = 10.0.40219.1
Project("{FAE04EC0-301F-11D3-BF4B-00C04F79EFBC}") = "JOOLE", "JOOLE\JOOLE.csproj", "{E5A95433-B047-4059-8B40-0226678C18E8}"
EndProject
Project("{FAE04EC0-301F-11D3-BF4B-00C04F79EFBC}") = "DomainRepository", "DomainRepository\DomainRepository.csproj", "{91B7C51A-3F02-49F0-89FB-09449CD7C7EA}"
EndProject
Global
	GlobalSection(SolutionConfigurationPlatforms) = preSolution
		Debug|Any CPU = Debug|Any CPU
		Release|Any CPU = Release|Any CPU
	EndGlobalSection
	GlobalSection(ProjectConfigurationPlatforms) = postSolution
		{E5A95433-B047-4059-8B40-0226678C18E8}.Debug|Any CPU.ActiveCfg = Debug|Any CPU
		{E5A95433-B047-4059-8B40-0226678C18E8}.Debug|Any CPU.Build.0 = Debug|Any CPU
		{E5A95433-B047-4059-8B40-0226678C18E8}.Release|Any CPU.ActiveCfg = Release|Any CPU
		{E5A95433-B047-4059-8B40-0226678C18E8}.Release|Any CPU.Build.0 = Release|Any CPU
		{91B7C51A-3F02-49F0-89FB-09449CD7C7EA}.Debug|Any CPU.ActiveCfg = Debug|Any CPU
		{91B7C51A-3F02-49F0-89FB-09449CD7C7EA}.Debug|Any CPU.Build.0 = Debug|Any CPU
		{91B7C51A-3F02-49F0-89FB-09449CD7C7EA}.Release|Any CPU.ActiveCfg = Release|Any CPU
		{91B7C51A-3F02-49F0-89FB-09449CD7C7EA}.Release|Any CPU.Build.0 = Release|Any CPU
	EndGlobalSection
	GlobalSection(SolutionProperties) = preSolution
		HideSolutionNode = FALSE
	EndGlobalSection
	GlobalSection(ExtensibilityGlobals) = postSolution
		SolutionGuid = {0DCF01AA-CC15-4EF6-8D41-FFEDDB6509EB}
	EndGlobalSection
EndGlobal
